
Microsoft Visual Studio Solution File, Format Version 12.00
# Visual Studio Version 17
VisualStudioVersion = 17.0.31919.166
MinimumVisualStudioVersion = 10.0.40219.1
Project("{FAE04EC0-301F-11D3-BF4B-00C04F79EFBC}") = "WindowSortArray", "WindowSortArray\WindowSortArray.csproj", "{57693894-55BF-4643-A125-DC32380336D7}"
EndProject
Global
	GlobalSection(SolutionConfigurationPlatforms) = preSolution
		Debug|Any CPU = Debug|Any CPU
		Release|Any CPU = Release|Any CPU
	EndGlobalSection
	GlobalSection(ProjectConfigurationPlatforms) = postSolution
		{57693894-55BF-4643-A125-DC32380336D7}.Debug|Any CPU.ActiveCfg = Debug|Any CPU
		{57693894-55BF-4643-A125-DC32380336D7}.Debug|Any CPU.Build.0 = Debug|Any CPU
		{57693894-55BF-4643-A125-DC32380336D7}.Release|Any CPU.ActiveCfg = Release|Any CPU
		{57693894-55BF-4643-A125-DC32380336D7}.Release|Any CPU.Build.0 = Release|Any CPU
	EndGlobalSection
	GlobalSection(SolutionProperties) = preSolution
		HideSolutionNode = FALSE
	EndGlobalSection
	GlobalSection(ExtensibilityGlobals) = postSolution
		SolutionGuid = {FD590626-EA9C-41C3-AA55-F8B6591480CC}
	EndGlobalSection
EndGlobal
